{
  "pins" : [
    {
      "identity" : "facebook-ios-sdk",
      "kind" : "remoteSourceControl",
      "location" : "https://github.com/facebook/facebook-ios-sdk",
      "state" : {
        "branch" : "main",
        "revision" : "7ec172d3693f55f2f5555807c6f26d2e11b6b653"
      }
    }
  ],
  "version" : 2
}
